{
  "name": "contract",
  "version": "1.0.0",
  "lockfileVersion": 2,
  "requires": true,
  "packages": {
    "": {
      "name": "contract",
      "version": "1.0.0",
      "license": "ISC",
      "dependencies": {
        "@fleet-sdk/compiler": "^0.3.2",
        "mustache": "^4.2.0"
      }
    },
    "node_modules/@fleet-sdk/common": {
      "version": "0.3.2",
      "resolved": "https://registry.npmjs.org/@fleet-sdk/common/-/common-0.3.2.tgz",
      "integrity": "sha512-tfZPWv+rEJct9rySHGuAxQXvzUtXu7Bbiti/APWlxQ7FYm8E20XIhlrpj60MUNd/+jOLS+474MZtkylImG8d4g==",
      "engines": {
        "node": ">=14"
      }
    },
    "node_modules/@fleet-sdk/compiler": {
      "version": "0.3.2",
      "resolved": "https://registry.npmjs.org/@fleet-sdk/compiler/-/compiler-0.3.2.tgz",
      "integrity": "sha512-Ip6G1wX+XrTrOJDEAdMNAOMvm+tVycN1fW+hyFCiTg4QVoWyCSxu0IniBxQgNomi5HPkvs++91cVnUiZzODMGw==",
      "dependencies": {
        "@fleet-sdk/common": "^0.3.2",
        "@fleet-sdk/core": "^0.3.2",
        "@fleet-sdk/crypto": "^0.3.2",
        "@fleet-sdk/serializer": "^0.3.2",
        "sigmastate-js": "0.2.1-snapshot.8a862d393"
      },
      "engines": {
        "node": ">=14"
      }
    },
    "node_modules/@fleet-sdk/core": {
      "version": "0.3.2",
      "resolved": "https://registry.npmjs.org/@fleet-sdk/core/-/core-0.3.2.tgz",
      "integrity": "sha512-gRDA9h7UyzKt+A7wMByL5cQtLfdSN4SlJWEHztp1D+mZyNhF4N65dlQCpFQSYfNXJ3ORdZiGrUAk7aHz3Zzsmg==",
      "dependencies": {
        "@fleet-sdk/common": "^0.3.2",
        "@fleet-sdk/crypto": "^0.3.2",
        "@fleet-sdk/serializer": "^0.3.2"
      },
      "engines": {
        "node": ">=14"
      }
    },
    "node_modules/@fleet-sdk/crypto": {
      "version": "0.3.2",
      "resolved": "https://registry.npmjs.org/@fleet-sdk/crypto/-/crypto-0.3.2.tgz",
      "integrity": "sha512-vJodVe3VBAf764t6xk5SsdJtFHYX1bmfipGfzw9L2G3Ph4FyPNC1rRyGAn1XPwAdsQcS0E9m1QLEvXIFdgW3xw==",
      "dependencies": {
        "@fleet-sdk/common": "^0.3.2",
        "@noble/hashes": "^1.3.2",
        "@scure/base": "^1.1.3"
      },
      "engines": {
        "node": ">=14"
      }
    },
    "node_modules/@fleet-sdk/serializer": {
      "version": "0.3.2",
      "resolved": "https://registry.npmjs.org/@fleet-sdk/serializer/-/serializer-0.3.2.tgz",
      "integrity": "sha512-aihIRL2l2uls2IhpRHSSVy7DKTBBlzgCav+qaG7uFHEZw5txgtNzWTJgmfTU3VQmX1CBaJtLcPQOsXbUNS3QuA==",
      "dependencies": {
        "@fleet-sdk/common": "^0.3.2",
        "@fleet-sdk/crypto": "^0.3.2"
      },
      "engines": {
        "node": ">=14"
      }
    },
    "node_modules/@noble/hashes": {
      "version": "1.3.3",
      "resolved": "https://registry.npmjs.org/@noble/hashes/-/hashes-1.3.3.tgz",
      "integrity": "sha512-V7/fPHgl+jsVPXqqeOzT8egNj2iBIVt+ECeMMG8TdcnTikP3oaBtUVqpT/gYCR68aEBJSF+XbYUxStjbFMqIIA==",
      "engines": {
        "node": ">= 16"
      },
      "funding": {
        "url": "https://paulmillr.com/funding/"
      }
    },
    "node_modules/@scure/base": {
      "version": "1.1.5",
      "resolved": "https://registry.npmjs.org/@scure/base/-/base-1.1.5.tgz",
      "integrity": "sha512-Brj9FiG2W1MRQSTB212YVPRrcbjkv48FoZi/u4l/zds/ieRrqsh7aUf6CLwkAq61oKXr/ZlTzlY66gLIj3TFTQ==",
      "funding": {
        "url": "https://paulmillr.com/funding/"
      }
    },
    "node_modules/mustache": {
      "version": "4.2.0",
      "resolved": "https://registry.npmjs.org/mustache/-/mustache-4.2.0.tgz",
      "integrity": "sha512-71ippSywq5Yb7/tVYyGbkBggbU8H3u5Rz56fH60jGFgr8uHwxs+aSKeqmluIVzM0m0kB7xQjKS6qPfd0b2ZoqQ==",
      "bin": {
        "mustache": "bin/mustache"
      }
    },
    "node_modules/sigmajs-crypto-facade": {
      "version": "0.0.6",
      "resolved": "https://registry.npmjs.org/sigmajs-crypto-facade/-/sigmajs-crypto-facade-0.0.6.tgz",
      "integrity": "sha512-Nbz+CZ0rgMvDN76C3bQjrFHO30qSHE9Fti+Co4WvNzL9UTaxSOlfSFJy89u0QX+IkVNvXd35RqiyiekLpTUSsA==",
      "dependencies": {
        "@noble/hashes": "^1.1.4"
      },
      "engines": {
        "node": ">=10"
      }
    },
    "node_modules/sigmastate-js": {
      "version": "0.2.1-snapshot.8a862d393",
      "resolved": "https://registry.npmjs.org/sigmastate-js/-/sigmastate-js-0.2.1-snapshot.8a862d393.tgz",
      "integrity": "sha512-IVU6X8R0zL37XGOFrPmadHXQjVqa3mdeGRFnLKihNQzZTj9NDnpxCRB7uPstR+52MFrR1pPPzKu4Bj6XtsFsoQ==",
      "dependencies": {
        "@fleet-sdk/common": "0.1.0-alpha.14",
        "@noble/hashes": "1.1.4",
        "sigmajs-crypto-facade": "0.0.6"
      }
    },
    "node_modules/sigmastate-js/node_modules/@fleet-sdk/common": {
      "version": "0.1.0-alpha.14",
      "resolved": "https://registry.npmjs.org/@fleet-sdk/common/-/common-0.1.0-alpha.14.tgz",
      "integrity": "sha512-w6AMHe77FaSb759e3EwcOVRQ/lEsCdr1pXq376B+T80do5pUcWjrlrIEKKNrEJPCyqW8nNClxIqBVqkFuPbbMw==",
      "engines": {
        "node": ">=10"
      }
    },
    "node_modules/sigmastate-js/node_modules/@noble/hashes": {
      "version": "1.1.4",
      "resolved": "https://registry.npmjs.org/@noble/hashes/-/hashes-1.1.4.tgz",
      "integrity": "sha512-+PYsVPrTSqtVjatKt2A/Proukn2Yrz61OBThOCKErc5w2/r1Fh37vbDv0Eah7pyNltrmacjwTvdw3JoR+WE4TA==",
      "funding": [
        {
          "type": "individual",
          "url": "https://paulmillr.com/funding/"
        }
      ]
    }
  },
  "dependencies": {
    "@fleet-sdk/common": {
      "version": "0.3.2",
      "resolved": "https://registry.npmjs.org/@fleet-sdk/common/-/common-0.3.2.tgz",
      "integrity": "sha512-tfZPWv+rEJct9rySHGuAxQXvzUtXu7Bbiti/APWlxQ7FYm8E20XIhlrpj60MUNd/+jOLS+474MZtkylImG8d4g=="
    },
    "@fleet-sdk/compiler": {
      "version": "0.3.2",
      "resolved": "https://registry.npmjs.org/@fleet-sdk/compiler/-/compiler-0.3.2.tgz",
      "integrity": "sha512-Ip6G1wX+XrTrOJDEAdMNAOMvm+tVycN1fW+hyFCiTg4QVoWyCSxu0IniBxQgNomi5HPkvs++91cVnUiZzODMGw==",
      "requires": {
        "@fleet-sdk/common": "^0.3.2",
        "@fleet-sdk/core": "^0.3.2",
        "@fleet-sdk/crypto": "^0.3.2",
        "@fleet-sdk/serializer": "^0.3.2",
        "sigmastate-js": "0.2.1-snapshot.8a862d393"
      }
    },
    "@fleet-sdk/core": {
      "version": "0.3.2",
      "resolved": "https://registry.npmjs.org/@fleet-sdk/core/-/core-0.3.2.tgz",
      "integrity": "sha512-gRDA9h7UyzKt+A7wMByL5cQtLfdSN4SlJWEHztp1D+mZyNhF4N65dlQCpFQSYfNXJ3ORdZiGrUAk7aHz3Zzsmg==",
      "requires": {
        "@fleet-sdk/common": "^0.3.2",
        "@fleet-sdk/crypto": "^0.3.2",
        "@fleet-sdk/serializer": "^0.3.2"
      }
    },
    "@fleet-sdk/crypto": {
      "version": "0.3.2",
      "resolved": "https://registry.npmjs.org/@fleet-sdk/crypto/-/crypto-0.3.2.tgz",
      "integrity": "sha512-vJodVe3VBAf764t6xk5SsdJtFHYX1bmfipGfzw9L2G3Ph4FyPNC1rRyGAn1XPwAdsQcS0E9m1QLEvXIFdgW3xw==",
      "requires": {
        "@fleet-sdk/common": "^0.3.2",
        "@noble/hashes": "^1.3.2",
        "@scure/base": "^1.1.3"
      }
    },
    "@fleet-sdk/serializer": {
      "version": "0.3.2",
      "resolved": "https://registry.npmjs.org/@fleet-sdk/serializer/-/serializer-0.3.2.tgz",
      "integrity": "sha512-aihIRL2l2uls2IhpRHSSVy7DKTBBlzgCav+qaG7uFHEZw5txgtNzWTJgmfTU3VQmX1CBaJtLcPQOsXbUNS3QuA==",
      "requires": {
        "@fleet-sdk/common": "^0.3.2",
        "@fleet-sdk/crypto": "^0.3.2"
      }
    },
    "@noble/hashes": {
      "version": "1.3.3",
      "resolved": "https://registry.npmjs.org/@noble/hashes/-/hashes-1.3.3.tgz",
      "integrity": "sha512-V7/fPHgl+jsVPXqqeOzT8egNj2iBIVt+ECeMMG8TdcnTikP3oaBtUVqpT/gYCR68aEBJSF+XbYUxStjbFMqIIA=="
    },
    "@scure/base": {
      "version": "1.1.5",
      "resolved": "https://registry.npmjs.org/@scure/base/-/base-1.1.5.tgz",
      "integrity": "sha512-Brj9FiG2W1MRQSTB212YVPRrcbjkv48FoZi/u4l/zds/ieRrqsh7aUf6CLwkAq61oKXr/ZlTzlY66gLIj3TFTQ=="
    },
    "mustache": {
      "version": "4.2.0",
      "resolved": "https://registry.npmjs.org/mustache/-/mustache-4.2.0.tgz",
      "integrity": "sha512-71ippSywq5Yb7/tVYyGbkBggbU8H3u5Rz56fH60jGFgr8uHwxs+aSKeqmluIVzM0m0kB7xQjKS6qPfd0b2ZoqQ=="
    },
    "sigmajs-crypto-facade": {
      "version": "0.0.6",
      "resolved": "https://registry.npmjs.org/sigmajs-crypto-facade/-/sigmajs-crypto-facade-0.0.6.tgz",
      "integrity": "sha512-Nbz+CZ0rgMvDN76C3bQjrFHO30qSHE9Fti+Co4WvNzL9UTaxSOlfSFJy89u0QX+IkVNvXd35RqiyiekLpTUSsA==",
      "requires": {
        "@noble/hashes": "^1.1.4"
      }
    },
    "sigmastate-js": {
      "version": "0.2.1-snapshot.8a862d393",
      "resolved": "https://registry.npmjs.org/sigmastate-js/-/sigmastate-js-0.2.1-snapshot.8a862d393.tgz",
      "integrity": "sha512-IVU6X8R0zL37XGOFrPmadHXQjVqa3mdeGRFnLKihNQzZTj9NDnpxCRB7uPstR+52MFrR1pPPzKu4Bj6XtsFsoQ==",
      "requires": {
        "@fleet-sdk/common": "0.1.0-alpha.14",
        "@noble/hashes": "1.1.4",
        "sigmajs-crypto-facade": "0.0.6"
      },
      "dependencies": {
        "@fleet-sdk/common": {
          "version": "0.1.0-alpha.14",
          "resolved": "https://registry.npmjs.org/@fleet-sdk/common/-/common-0.1.0-alpha.14.tgz",
          "integrity": "sha512-w6AMHe77FaSb759e3EwcOVRQ/lEsCdr1pXq376B+T80do5pUcWjrlrIEKKNrEJPCyqW8nNClxIqBVqkFuPbbMw=="
        },
        "@noble/hashes": {
          "version": "1.1.4",
          "resolved": "https://registry.npmjs.org/@noble/hashes/-/hashes-1.1.4.tgz",
          "integrity": "sha512-+PYsVPrTSqtVjatKt2A/Proukn2Yrz61OBThOCKErc5w2/r1Fh37vbDv0Eah7pyNltrmacjwTvdw3JoR+WE4TA=="
        }
      }
    }
  }
}
